
Microsoft Visual Studio Solution File, Format Version 12.00
# Visual Studio Version 16
VisualStudioVersion = 16.0.31729.503
MinimumVisualStudioVersion = 10.0.40219.1
Project("{FAE04EC0-301F-11D3-BF4B-00C04F79EFBC}") = "Pagina web sistema de ventas", "Pagina web sistema de ventas\Pagina web sistema de ventas.csproj", "{F5092191-913A-4717-88CE-105D6903CDEB}"
EndProject
Global
	GlobalSection(SolutionConfigurationPlatforms) = preSolution
		Debug|Any CPU = Debug|Any CPU
		Release|Any CPU = Release|Any CPU
	EndGlobalSection
	GlobalSection(ProjectConfigurationPlatforms) = postSolution
		{F5092191-913A-4717-88CE-105D6903CDEB}.Debug|Any CPU.ActiveCfg = Debug|Any CPU
		{F5092191-913A-4717-88CE-105D6903CDEB}.Debug|Any CPU.Build.0 = Debug|Any CPU
		{F5092191-913A-4717-88CE-105D6903CDEB}.Release|Any CPU.ActiveCfg = Release|Any CPU
		{F5092191-913A-4717-88CE-105D6903CDEB}.Release|Any CPU.Build.0 = Release|Any CPU
	EndGlobalSection
	GlobalSection(SolutionProperties) = preSolution
		HideSolutionNode = FALSE
	EndGlobalSection
	GlobalSection(ExtensibilityGlobals) = postSolution
		SolutionGuid = {A3C7FFB1-3914-4815-ACF6-687EC1454860}
	EndGlobalSection
EndGlobal
